
Microsoft Visual Studio Solution File, Format Version 12.00
# Visual Studio Version 17
VisualStudioVersion = 17.4.33103.184
MinimumVisualStudioVersion = 10.0.40219.1
Project("{FAE04EC0-301F-11D3-BF4B-00C04F79EFBC}") = "TakeNotes", "TakeNotes\TakeNotes.csproj", "{24C795B5-2B61-4359-B783-338FDC8E3008}"
EndProject
Global
	GlobalSection(SolutionConfigurationPlatforms) = preSolution
		Debug|Any CPU = Debug|Any CPU
		Release|Any CPU = Release|Any CPU
	EndGlobalSection
	GlobalSection(ProjectConfigurationPlatforms) = postSolution
		{24C795B5-2B61-4359-B783-338FDC8E3008}.Debug|Any CPU.ActiveCfg = Debug|Any CPU
		{24C795B5-2B61-4359-B783-338FDC8E3008}.Debug|Any CPU.Build.0 = Debug|Any CPU
		{24C795B5-2B61-4359-B783-338FDC8E3008}.Release|Any CPU.ActiveCfg = Release|Any CPU
		{24C795B5-2B61-4359-B783-338FDC8E3008}.Release|Any CPU.Build.0 = Release|Any CPU
	EndGlobalSection
	GlobalSection(SolutionProperties) = preSolution
		HideSolutionNode = FALSE
	EndGlobalSection
	GlobalSection(ExtensibilityGlobals) = postSolution
		SolutionGuid = {E4366CDA-4C78-4DA8-A726-E2B0A9CD18CC}
	EndGlobalSection
EndGlobal
